
Microsoft Visual Studio Solution File, Format Version 12.00
# Visual Studio 15
VisualStudioVersion = 15.0.26124.0
MinimumVisualStudioVersion = 15.0.26124.0
Project("{2150E333-8FDC-42A3-9474-1A3956D46DE8}") = "src", "src", "{5E0AE378-63CF-4B68-B43B-63614360D8B9}"
EndProject
Project("{FAE04EC0-301F-11D3-BF4B-00C04F79EFBC}") = "AngularVirtualScroll.Core", "src\AngularVirtualScroll.Core\AngularVirtualScroll.Core.csproj", "{0AF0B1A2-87FD-47F6-B0C1-1914F1144614}"
EndProject
Project("{FAE04EC0-301F-11D3-BF4B-00C04F79EFBC}") = "AngularVirtualScroll.Infrastructure", "src\AngularVirtualScroll.Infrastructure\AngularVirtualScroll.Infrastructure.csproj", "{C9DCC182-F4C0-4EF8-9420-1F90ADF4DE92}"
EndProject
Project("{FAE04EC0-301F-11D3-BF4B-00C04F79EFBC}") = "AngularVirtualScroll.API", "src\AngularVirtualScroll.API\AngularVirtualScroll.API.csproj", "{345A972B-3EAD-47F9-8550-C50AF2FF70FF}"
EndProject
Project("{FAE04EC0-301F-11D3-BF4B-00C04F79EFBC}") = "AngularVirtualScroll.SPA", "src\AngularVirtualScroll.SPA\AngularVirtualScroll.SPA.csproj", "{7A0F3059-47C9-44C8-A91B-704836A6125A}"
EndProject
Project("{2150E333-8FDC-42A3-9474-1A3956D46DE8}") = "test", "test", "{5FDDD934-0D38-4957-B840-4F299D6465A5}"
EndProject
Project("{FAE04EC0-301F-11D3-BF4B-00C04F79EFBC}") = "IntegrationTests", "test\IntegrationTests\IntegrationTests.csproj", "{F6805A19-CD0B-4FEA-A3A2-69407006F307}"
EndProject
Project("{FAE04EC0-301F-11D3-BF4B-00C04F79EFBC}") = "UnitTests", "test\UnitTests\UnitTests.csproj", "{167FF6A1-CD1D-42CD-8DB4-EDEADFD27753}"
EndProject
Global
	GlobalSection(SolutionConfigurationPlatforms) = preSolution
		Debug|Any CPU = Debug|Any CPU
		Debug|x64 = Debug|x64
		Debug|x86 = Debug|x86
		Release|Any CPU = Release|Any CPU
		Release|x64 = Release|x64
		Release|x86 = Release|x86
	EndGlobalSection
	GlobalSection(SolutionProperties) = preSolution
		HideSolutionNode = FALSE
	EndGlobalSection
	GlobalSection(ProjectConfigurationPlatforms) = postSolution
		{0AF0B1A2-87FD-47F6-B0C1-1914F1144614}.Debug|Any CPU.ActiveCfg = Debug|Any CPU
		{0AF0B1A2-87FD-47F6-B0C1-1914F1144614}.Debug|Any CPU.Build.0 = Debug|Any CPU
		{0AF0B1A2-87FD-47F6-B0C1-1914F1144614}.Debug|x64.ActiveCfg = Debug|Any CPU
		{0AF0B1A2-87FD-47F6-B0C1-1914F1144614}.Debug|x64.Build.0 = Debug|Any CPU
		{0AF0B1A2-87FD-47F6-B0C1-1914F1144614}.Debug|x86.ActiveCfg = Debug|Any CPU
		{0AF0B1A2-87FD-47F6-B0C1-1914F1144614}.Debug|x86.Build.0 = Debug|Any CPU
		{0AF0B1A2-87FD-47F6-B0C1-1914F1144614}.Release|Any CPU.ActiveCfg = Release|Any CPU
		{0AF0B1A2-87FD-47F6-B0C1-1914F1144614}.Release|Any CPU.Build.0 = Release|Any CPU
		{0AF0B1A2-87FD-47F6-B0C1-1914F1144614}.Release|x64.ActiveCfg = Release|Any CPU
		{0AF0B1A2-87FD-47F6-B0C1-1914F1144614}.Release|x64.Build.0 = Release|Any CPU
		{0AF0B1A2-87FD-47F6-B0C1-1914F1144614}.Release|x86.ActiveCfg = Release|Any CPU
		{0AF0B1A2-87FD-47F6-B0C1-1914F1144614}.Release|x86.Build.0 = Release|Any CPU
		{C9DCC182-F4C0-4EF8-9420-1F90ADF4DE92}.Debug|Any CPU.ActiveCfg = Debug|Any CPU
		{C9DCC182-F4C0-4EF8-9420-1F90ADF4DE92}.Debug|Any CPU.Build.0 = Debug|Any CPU
		{C9DCC182-F4C0-4EF8-9420-1F90ADF4DE92}.Debug|x64.ActiveCfg = Debug|Any CPU
		{C9DCC182-F4C0-4EF8-9420-1F90ADF4DE92}.Debug|x64.Build.0 = Debug|Any CPU
		{C9DCC182-F4C0-4EF8-9420-1F90ADF4DE92}.Debug|x86.ActiveCfg = Debug|Any CPU
		{C9DCC182-F4C0-4EF8-9420-1F90ADF4DE92}.Debug|x86.Build.0 = Debug|Any CPU
		{C9DCC182-F4C0-4EF8-9420-1F90ADF4DE92}.Release|Any CPU.ActiveCfg = Release|Any CPU
		{C9DCC182-F4C0-4EF8-9420-1F90ADF4DE92}.Release|Any CPU.Build.0 = Release|Any CPU
		{C9DCC182-F4C0-4EF8-9420-1F90ADF4DE92}.Release|x64.ActiveCfg = Release|Any CPU
		{C9DCC182-F4C0-4EF8-9420-1F90ADF4DE92}.Release|x64.Build.0 = Release|Any CPU
		{C9DCC182-F4C0-4EF8-9420-1F90ADF4DE92}.Release|x86.ActiveCfg = Release|Any CPU
		{C9DCC182-F4C0-4EF8-9420-1F90ADF4DE92}.Release|x86.Build.0 = Release|Any CPU
		{345A972B-3EAD-47F9-8550-C50AF2FF70FF}.Debug|Any CPU.ActiveCfg = Debug|Any CPU
		{345A972B-3EAD-47F9-8550-C50AF2FF70FF}.Debug|Any CPU.Build.0 = Debug|Any CPU
		{345A972B-3EAD-47F9-8550-C50AF2FF70FF}.Debug|x64.ActiveCfg = Debug|Any CPU
		{345A972B-3EAD-47F9-8550-C50AF2FF70FF}.Debug|x64.Build.0 = Debug|Any CPU
		{345A972B-3EAD-47F9-8550-C50AF2FF70FF}.Debug|x86.ActiveCfg = Debug|Any CPU
		{345A972B-3EAD-47F9-8550-C50AF2FF70FF}.Debug|x86.Build.0 = Debug|Any CPU
		{345A972B-3EAD-47F9-8550-C50AF2FF70FF}.Release|Any CPU.ActiveCfg = Release|Any CPU
		{345A972B-3EAD-47F9-8550-C50AF2FF70FF}.Release|Any CPU.Build.0 = Release|Any CPU
		{345A972B-3EAD-47F9-8550-C50AF2FF70FF}.Release|x64.ActiveCfg = Release|Any CPU
		{345A972B-3EAD-47F9-8550-C50AF2FF70FF}.Release|x64.Build.0 = Release|Any CPU
		{345A972B-3EAD-47F9-8550-C50AF2FF70FF}.Release|x86.ActiveCfg = Release|Any CPU
		{345A972B-3EAD-47F9-8550-C50AF2FF70FF}.Release|x86.Build.0 = Release|Any CPU
		{7A0F3059-47C9-44C8-A91B-704836A6125A}.Debug|Any CPU.ActiveCfg = Debug|Any CPU
		{7A0F3059-47C9-44C8-A91B-704836A6125A}.Debug|Any CPU.Build.0 = Debug|Any CPU
		{7A0F3059-47C9-44C8-A91B-704836A6125A}.Debug|x64.ActiveCfg = Debug|Any CPU
		{7A0F3059-47C9-44C8-A91B-704836A6125A}.Debug|x64.Build.0 = Debug|Any CPU
		{7A0F3059-47C9-44C8-A91B-704836A6125A}.Debug|x86.ActiveCfg = Debug|Any CPU
		{7A0F3059-47C9-44C8-A91B-704836A6125A}.Debug|x86.Build.0 = Debug|Any CPU
		{7A0F3059-47C9-44C8-A91B-704836A6125A}.Release|Any CPU.ActiveCfg = Release|Any CPU
		{7A0F3059-47C9-44C8-A91B-704836A6125A}.Release|Any CPU.Build.0 = Release|Any CPU
		{7A0F3059-47C9-44C8-A91B-704836A6125A}.Release|x64.ActiveCfg = Release|Any CPU
		{7A0F3059-47C9-44C8-A91B-704836A6125A}.Release|x64.Build.0 = Release|Any CPU
		{7A0F3059-47C9-44C8-A91B-704836A6125A}.Release|x86.ActiveCfg = Release|Any CPU
		{7A0F3059-47C9-44C8-A91B-704836A6125A}.Release|x86.Build.0 = Release|Any CPU
		{F6805A19-CD0B-4FEA-A3A2-69407006F307}.Debug|Any CPU.ActiveCfg = Debug|Any CPU
		{F6805A19-CD0B-4FEA-A3A2-69407006F307}.Debug|Any CPU.Build.0 = Debug|Any CPU
		{F6805A19-CD0B-4FEA-A3A2-69407006F307}.Debug|x64.ActiveCfg = Debug|Any CPU
		{F6805A19-CD0B-4FEA-A3A2-69407006F307}.Debug|x64.Build.0 = Debug|Any CPU
		{F6805A19-CD0B-4FEA-A3A2-69407006F307}.Debug|x86.ActiveCfg = Debug|Any CPU
		{F6805A19-CD0B-4FEA-A3A2-69407006F307}.Debug|x86.Build.0 = Debug|Any CPU
		{F6805A19-CD0B-4FEA-A3A2-69407006F307}.Release|Any CPU.ActiveCfg = Release|Any CPU
		{F6805A19-CD0B-4FEA-A3A2-69407006F307}.Release|Any CPU.Build.0 = Release|Any CPU
		{F6805A19-CD0B-4FEA-A3A2-69407006F307}.Release|x64.ActiveCfg = Release|Any CPU
		{F6805A19-CD0B-4FEA-A3A2-69407006F307}.Release|x64.Build.0 = Release|Any CPU
		{F6805A19-CD0B-4FEA-A3A2-69407006F307}.Release|x86.ActiveCfg = Release|Any CPU
		{F6805A19-CD0B-4FEA-A3A2-69407006F307}.Release|x86.Build.0 = Release|Any CPU
		{167FF6A1-CD1D-42CD-8DB4-EDEADFD27753}.Debug|Any CPU.ActiveCfg = Debug|Any CPU
		{167FF6A1-CD1D-42CD-8DB4-EDEADFD27753}.Debug|Any CPU.Build.0 = Debug|Any CPU
		{167FF6A1-CD1D-42CD-8DB4-EDEADFD27753}.Debug|x64.ActiveCfg = Debug|Any CPU
		{167FF6A1-CD1D-42CD-8DB4-EDEADFD27753}.Debug|x64.Build.0 = Debug|Any CPU
		{167FF6A1-CD1D-42CD-8DB4-EDEADFD27753}.Debug|x86.ActiveCfg = Debug|Any CPU
		{167FF6A1-CD1D-42CD-8DB4-EDEADFD27753}.Debug|x86.Build.0 = Debug|Any CPU
		{167FF6A1-CD1D-42CD-8DB4-EDEADFD27753}.Release|Any CPU.ActiveCfg = Release|Any CPU
		{167FF6A1-CD1D-42CD-8DB4-EDEADFD27753}.Release|Any CPU.Build.0 = Release|Any CPU
		{167FF6A1-CD1D-42CD-8DB4-EDEADFD27753}.Release|x64.ActiveCfg = Release|Any CPU
		{167FF6A1-CD1D-42CD-8DB4-EDEADFD27753}.Release|x64.Build.0 = Release|Any CPU
		{167FF6A1-CD1D-42CD-8DB4-EDEADFD27753}.Release|x86.ActiveCfg = Release|Any CPU
		{167FF6A1-CD1D-42CD-8DB4-EDEADFD27753}.Release|x86.Build.0 = Release|Any CPU
	EndGlobalSection
	GlobalSection(NestedProjects) = preSolution
		{0AF0B1A2-87FD-47F6-B0C1-1914F1144614} = {5E0AE378-63CF-4B68-B43B-63614360D8B9}
		{C9DCC182-F4C0-4EF8-9420-1F90ADF4DE92} = {5E0AE378-63CF-4B68-B43B-63614360D8B9}
		{345A972B-3EAD-47F9-8550-C50AF2FF70FF} = {5E0AE378-63CF-4B68-B43B-63614360D8B9}
		{7A0F3059-47C9-44C8-A91B-704836A6125A} = {5E0AE378-63CF-4B68-B43B-63614360D8B9}
		{F6805A19-CD0B-4FEA-A3A2-69407006F307} = {5FDDD934-0D38-4957-B840-4F299D6465A5}
		{167FF6A1-CD1D-42CD-8DB4-EDEADFD27753} = {5FDDD934-0D38-4957-B840-4F299D6465A5}
	EndGlobalSection
EndGlobal
